
Microsoft Visual Studio Solution File, Format Version 12.00
# Visual Studio Version 17
VisualStudioVersion = 17.0.31815.197
MinimumVisualStudioVersion = 10.0.40219.1
Project("{FAE04EC0-301F-11D3-BF4B-00C04F79EFBC}") = "PeliculasAPI", "PeliculasAPI\PeliculasAPI.csproj", "{77FBD1CB-3EA2-4986-A624-306CE19B810F}"
EndProject
Global
	GlobalSection(SolutionConfigurationPlatforms) = preSolution
		Debug|Any CPU = Debug|Any CPU
		Release|Any CPU = Release|Any CPU
	EndGlobalSection
	GlobalSection(ProjectConfigurationPlatforms) = postSolution
		{77FBD1CB-3EA2-4986-A624-306CE19B810F}.Debug|Any CPU.ActiveCfg = Debug|Any CPU
		{77FBD1CB-3EA2-4986-A624-306CE19B810F}.Debug|Any CPU.Build.0 = Debug|Any CPU
		{77FBD1CB-3EA2-4986-A624-306CE19B810F}.Release|Any CPU.ActiveCfg = Release|Any CPU
		{77FBD1CB-3EA2-4986-A624-306CE19B810F}.Release|Any CPU.Build.0 = Release|Any CPU
	EndGlobalSection
	GlobalSection(SolutionProperties) = preSolution
		HideSolutionNode = FALSE
	EndGlobalSection
	GlobalSection(ExtensibilityGlobals) = postSolution
		SolutionGuid = {FC322F3C-2758-40E3-8BF4-37884442D504}
	EndGlobalSection
EndGlobal
